
Microsoft Visual Studio Solution File, Format Version 12.00
# Visual Studio 2013
VisualStudioVersion = 12.0.21005.1
MinimumVisualStudioVersion = 10.0.40219.1
Project("{FAE04EC0-301F-11D3-BF4B-00C04F79EFBC}") = "CA", "CA\CA.csproj", "{3F0E02B8-40F5-49CC-9836-35734BE9A57A}"
EndProject
Project("{FAE04EC0-301F-11D3-BF4B-00C04F79EFBC}") = "WS_CA", "WS_CA\WS_CA.csproj", "{9C5C90C1-EC4D-4571-9D95-9BE5BF0DFC78}"
EndProject
Global
	GlobalSection(SolutionConfigurationPlatforms) = preSolution
		Debug|Any CPU = Debug|Any CPU
		Release|Any CPU = Release|Any CPU
	EndGlobalSection
	GlobalSection(ProjectConfigurationPlatforms) = postSolution
		{3F0E02B8-40F5-49CC-9836-35734BE9A57A}.Debug|Any CPU.ActiveCfg = Debug|Any CPU
		{3F0E02B8-40F5-49CC-9836-35734BE9A57A}.Debug|Any CPU.Build.0 = Debug|Any CPU
		{3F0E02B8-40F5-49CC-9836-35734BE9A57A}.Release|Any CPU.ActiveCfg = Release|Any CPU
		{3F0E02B8-40F5-49CC-9836-35734BE9A57A}.Release|Any CPU.Build.0 = Release|Any CPU
		{9C5C90C1-EC4D-4571-9D95-9BE5BF0DFC78}.Debug|Any CPU.ActiveCfg = Debug|Any CPU
		{9C5C90C1-EC4D-4571-9D95-9BE5BF0DFC78}.Debug|Any CPU.Build.0 = Debug|Any CPU
		{9C5C90C1-EC4D-4571-9D95-9BE5BF0DFC78}.Release|Any CPU.ActiveCfg = Release|Any CPU
		{9C5C90C1-EC4D-4571-9D95-9BE5BF0DFC78}.Release|Any CPU.Build.0 = Release|Any CPU
	EndGlobalSection
	GlobalSection(SolutionProperties) = preSolution
		HideSolutionNode = FALSE
	EndGlobalSection
EndGlobal
