
Microsoft Visual Studio Solution File, Format Version 12.00
# Visual Studio 14
VisualStudioVersion = 14.0.23107.0
MinimumVisualStudioVersion = 10.0.40219.1
Project("{FAE04EC0-301F-11D3-BF4B-00C04F79EFBC}") = "ServerFW", "Server\ServerFW.csproj", "{747AEC77-3952-4CD7-B30D-759CEAB4CB51}"
EndProject
Project("{54435603-DBB4-11D2-8724-00A0C9A8B90C}") = "SetupServer", "SetupServer\SetupServer.vdproj", "{E9F422AC-DF36-46B9-AEA4-617B6C5D166F}"
EndProject
Global
	GlobalSection(SolutionConfigurationPlatforms) = preSolution
		Debug|Any CPU = Debug|Any CPU
		Release|Any CPU = Release|Any CPU
	EndGlobalSection
	GlobalSection(ProjectConfigurationPlatforms) = postSolution
		{747AEC77-3952-4CD7-B30D-759CEAB4CB51}.Debug|Any CPU.ActiveCfg = Debug|Any CPU
		{747AEC77-3952-4CD7-B30D-759CEAB4CB51}.Debug|Any CPU.Build.0 = Debug|Any CPU
		{747AEC77-3952-4CD7-B30D-759CEAB4CB51}.Release|Any CPU.ActiveCfg = Release|Any CPU
		{747AEC77-3952-4CD7-B30D-759CEAB4CB51}.Release|Any CPU.Build.0 = Release|Any CPU
		{E9F422AC-DF36-46B9-AEA4-617B6C5D166F}.Debug|Any CPU.ActiveCfg = Debug
		{E9F422AC-DF36-46B9-AEA4-617B6C5D166F}.Release|Any CPU.ActiveCfg = Release
	EndGlobalSection
	GlobalSection(SolutionProperties) = preSolution
		HideSolutionNode = FALSE
	EndGlobalSection
EndGlobal
